
Microsoft Visual Studio Solution File, Format Version 10.00
# Visual Studio 2008
Project("{FAE04EC0-301F-11D3-BF4B-00C04F79EFBC}") = "TkScreenshot", "TkScreenshot\TkScreenshot.csproj", "{BEAC012E-A17D-466D-8704-9C2EAEA93F62}"
EndProject
Global
	GlobalSection(SolutionConfigurationPlatforms) = preSolution
		Debug|Any CPU = Debug|Any CPU
		Release|Any CPU = Release|Any CPU
	EndGlobalSection
	GlobalSection(ProjectConfigurationPlatforms) = postSolution
		{BEAC012E-A17D-466D-8704-9C2EAEA93F62}.Debug|Any CPU.ActiveCfg = Debug|Any CPU
		{BEAC012E-A17D-466D-8704-9C2EAEA93F62}.Debug|Any CPU.Build.0 = Debug|Any CPU
		{BEAC012E-A17D-466D-8704-9C2EAEA93F62}.Release|Any CPU.ActiveCfg = Release|Any CPU
		{BEAC012E-A17D-466D-8704-9C2EAEA93F62}.Release|Any CPU.Build.0 = Release|Any CPU
	EndGlobalSection
	GlobalSection(SolutionProperties) = preSolution
		HideSolutionNode = FALSE
	EndGlobalSection
EndGlobal
